// !$*UTF8*$!
{
	archiveVersion = 1;
	classes = {
	};
	objectVersion = 60;
	objects = {

/* Begin PBXBuildFile section */
		842E34792BD10B6100A0F86C /* AppDelegate.swift in Sources */ = {isa = PBXBuildFile; fileRef = 842E34782BD10B6100A0F86C /* AppDelegate.swift */; };
		842E347B2BD10B6100A0F86C /* SceneDelegate.swift in Sources */ = {isa = PBXBuildFile; fileRef = 842E347A2BD10B6100A0F86C /* SceneDelegate.swift */; };
		842E347D2BD10B6100A0F86C /* ViewController.swift in Sources */ = {isa = PBXBuildFile; fileRef = 842E347C2BD10B6100A0F86C /* ViewController.swift */; };
		842E34802BD10B6100A0F86C /* Base in Resources */ = {isa = PBXBuildFile; fileRef = 842E347F2BD10B6100A0F86C /* Base */; };
		842E34822BD10B6200A0F86C /* Assets.xcassets in Resources */ = {isa = PBXBuildFile; fileRef = 842E34812BD10B6200A0F86C /* Assets.xcassets */; };
		842E34852BD10B6200A0F86C /* Base in Resources */ = {isa = PBXBuildFile; fileRef = 842E34842BD10B6200A0F86C /* Base */; };
		842E34942BD11C1200A0F86C /* UBase in Frameworks */ = {isa = PBXBuildFile; productRef = 842E34932BD11C1200A0F86C /* UBase */; };
		842E34972BD11C8F00A0F86C /* Lottie in Frameworks */ = {isa = PBXBuildFile; productRef = 842E34962BD11C8F00A0F86C /* Lottie */; };
		842E34992BD20ECD00A0F86C /* PageViewController.swift in Sources */ = {isa = PBXBuildFile; fileRef = 842E34982BD20ECD00A0F86C /* PageViewController.swift */; };
		842E349B2BD20F6300A0F86C /* ScrollViewController.swift in Sources */ = {isa = PBXBuildFile; fileRef = 842E349A2BD20F6300A0F86C /* ScrollViewController.swift */; };
		842E349E2BD20FC500A0F86C /* UWidget in Frameworks */ = {isa = PBXBuildFile; productRef = 842E349D2BD20FC500A0F86C /* UWidget */; };
		842E34A02BD240F400A0F86C /* CustomPageViewController.swift in Sources */ = {isa = PBXBuildFile; fileRef = 842E349F2BD240F400A0F86C /* CustomPageViewController.swift */; };
		842E34A32BD25B7E00A0F86C /* LookinServer in Frameworks */ = {isa = PBXBuildFile; productRef = 842E34A22BD25B7E00A0F86C /* LookinServer */; };
		842E34A62BD265C400A0F86C /* UBase in Frameworks */ = {isa = PBXBuildFile; productRef = 842E34A52BD265C400A0F86C /* UBase */; };
		842E34A92BD2669500A0F86C /* UBase in Frameworks */ = {isa = PBXBuildFile; productRef = 842E34A82BD2669500A0F86C /* UBase */; };
/* End PBXBuildFile section */

/* Begin PBXFileReference section */
		842E34752BD10B6100A0F86C /* ScrollDemo.app */ = {isa = PBXFileReference; explicitFileType = wrapper.application; includeInIndex = 0; path = ScrollDemo.app; sourceTree = BUILT_PRODUCTS_DIR; };
		842E34782BD10B6100A0F86C /* AppDelegate.swift */ = {isa = PBXFileReference; lastKnownFileType = sourcecode.swift; path = AppDelegate.swift; sourceTree = "<group>"; };
		842E347A2BD10B6100A0F86C /* SceneDelegate.swift */ = {isa = PBXFileReference; lastKnownFileType = sourcecode.swift; path = SceneDelegate.swift; sourceTree = "<group>"; };
		842E347C2BD10B6100A0F86C /* ViewController.swift */ = {isa = PBXFileReference; lastKnownFileType = sourcecode.swift; path = ViewController.swift; sourceTree = "<group>"; };
		842E347F2BD10B6100A0F86C /* Base */ = {isa = PBXFileReference; lastKnownFileType = file.storyboard; name = Base; path = Base.lproj/Main.storyboard; sourceTree = "<group>"; };
		842E34812BD10B6200A0F86C /* Assets.xcassets */ = {isa = PBXFileReference; lastKnownFileType = folder.assetcatalog; path = Assets.xcassets; sourceTree = "<group>"; };
		842E34842BD10B6200A0F86C /* Base */ = {isa = PBXFileReference; lastKnownFileType = file.storyboard; name = Base; path = Base.lproj/LaunchScreen.storyboard; sourceTree = "<group>"; };
		842E34862BD10B6200A0F86C /* Info.plist */ = {isa = PBXFileReference; lastKnownFileType = text.plist.xml; path = Info.plist; sourceTree = "<group>"; };
		842E34982BD20ECD00A0F86C /* PageViewController.swift */ = {isa = PBXFileReference; lastKnownFileType = sourcecode.swift; path = PageViewController.swift; sourceTree = "<group>"; };
		842E349A2BD20F6300A0F86C /* ScrollViewController.swift */ = {isa = PBXFileReference; lastKnownFileType = sourcecode.swift; path = ScrollViewController.swift; sourceTree = "<group>"; };
		842E349F2BD240F400A0F86C /* CustomPageViewController.swift */ = {isa = PBXFileReference; lastKnownFileType = sourcecode.swift; path = CustomPageViewController.swift; sourceTree = "<group>"; };
/* End PBXFileReference section */

/* Begin PBXFrameworksBuildPhase section */
		842E34722BD10B6100A0F86C /* Frameworks */ = {
			isa = PBXFrameworksBuildPhase;
			buildActionMask = 2147483647;
			files = (
				842E349E2BD20FC500A0F86C /* UWidget in Frameworks */,
				842E34A62BD265C400A0F86C /* UBase in Frameworks */,
				842E34942BD11C1200A0F86C /* UBase in Frameworks */,
				842E34A92BD2669500A0F86C /* UBase in Frameworks */,
				842E34972BD11C8F00A0F86C /* Lottie in Frameworks */,
				842E34A32BD25B7E00A0F86C /* LookinServer in Frameworks */,
			);
			runOnlyForDeploymentPostprocessing = 0;
		};
/* End PBXFrameworksBuildPhase section */

/* Begin PBXGroup section */
		842E346C2BD10B6100A0F86C = {
			isa = PBXGroup;
			children = (
				842E34772BD10B6100A0F86C /* ScrollDemo */,
				842E34762BD10B6100A0F86C /* Products */,
			);
			sourceTree = "<group>";
		};
		842E34762BD10B6100A0F86C /* Products */ = {
			isa = PBXGroup;
			children = (
				842E34752BD10B6100A0F86C /* ScrollDemo.app */,
			);
			name = Products;
			sourceTree = "<group>";
		};
		842E34772BD10B6100A0F86C /* ScrollDemo */ = {
			isa = PBXGroup;
			children = (
				842E34782BD10B6100A0F86C /* AppDelegate.swift */,
				842E347A2BD10B6100A0F86C /* SceneDelegate.swift */,
				842E347C2BD10B6100A0F86C /* ViewController.swift */,
				842E34982BD20ECD00A0F86C /* PageViewController.swift */,
				842E349A2BD20F6300A0F86C /* ScrollViewController.swift */,
				842E349F2BD240F400A0F86C /* CustomPageViewController.swift */,
				842E347E2BD10B6100A0F86C /* Main.storyboard */,
				842E34812BD10B6200A0F86C /* Assets.xcassets */,
				842E34832BD10B6200A0F86C /* LaunchScreen.storyboard */,
				842E34862BD10B6200A0F86C /* Info.plist */,
			);
			path = ScrollDemo;
			sourceTree = "<group>";
		};
/* End PBXGroup section */

/* Begin PBXNativeTarget section */
		842E34742BD10B6100A0F86C /* ScrollDemo */ = {
			isa = PBXNativeTarget;
			buildConfigurationList = 842E34892BD10B6200A0F86C /* Build configuration list for PBXNativeTarget "ScrollDemo" */;
			buildPhases = (
				842E34712BD10B6100A0F86C /* Sources */,
				842E34722BD10B6100A0F86C /* Frameworks */,
				842E34732BD10B6100A0F86C /* Resources */,
			);
			buildRules = (
			);
			dependencies = (
			);
			name = ScrollDemo;
			packageProductDependencies = (
				842E34932BD11C1200A0F86C /* UBase */,
				842E34962BD11C8F00A0F86C /* Lottie */,
				842E349D2BD20FC500A0F86C /* UWidget */,
				842E34A22BD25B7E00A0F86C /* LookinServer */,
				842E34A52BD265C400A0F86C /* UBase */,
				842E34A82BD2669500A0F86C /* UBase */,
			);
			productName = ScrollDemo;
			productReference = 842E34752BD10B6100A0F86C /* ScrollDemo.app */;
			productType = "com.apple.product-type.application";
		};
/* End PBXNativeTarget section */

/* Begin PBXProject section */
		842E346D2BD10B6100A0F86C /* Project object */ = {
			isa = PBXProject;
			attributes = {
				BuildIndependentTargetsInParallel = 1;
				LastSwiftUpdateCheck = 1530;
				LastUpgradeCheck = 1530;
				TargetAttributes = {
					842E34742BD10B6100A0F86C = {
						CreatedOnToolsVersion = 15.3;
					};
				};
			};
			buildConfigurationList = 842E34702BD10B6100A0F86C /* Build configuration list for PBXProject "ScrollDemo" */;
			compatibilityVersion = "Xcode 14.0";
			developmentRegion = en;
			hasScannedForEncodings = 0;
			knownRegions = (
				en,
				Base,
			);
			mainGroup = 842E346C2BD10B6100A0F86C;
			packageReferences = (
				842E34952BD11C8F00A0F86C /* XCRemoteSwiftPackageReference "lottie-spm" */,
				842E349C2BD20FC500A0F86C /* XCRemoteSwiftPackageReference "UWidget" */,
				842E34A12BD25B7E00A0F86C /* XCRemoteSwiftPackageReference "LookinServer" */,
				842E34A72BD2669500A0F86C /* XCLocalSwiftPackageReference "UBase" */,
			);
			productRefGroup = 842E34762BD10B6100A0F86C /* Products */;
			projectDirPath = "";
			projectRoot = "";
			targets = (
				842E34742BD10B6100A0F86C /* ScrollDemo */,
			);
		};
/* End PBXProject section */

/* Begin PBXResourcesBuildPhase section */
		842E34732BD10B6100A0F86C /* Resources */ = {
			isa = PBXResourcesBuildPhase;
			buildActionMask = 2147483647;
			files = (
				842E34822BD10B6200A0F86C /* Assets.xcassets in Resources */,
				842E34852BD10B6200A0F86C /* Base in Resources */,
				842E34802BD10B6100A0F86C /* Base in Resources */,
			);
			runOnlyForDeploymentPostprocessing = 0;
		};
/* End PBXResourcesBuildPhase section */

/* Begin PBXSourcesBuildPhase section */
		842E34712BD10B6100A0F86C /* Sources */ = {
			isa = PBXSourcesBuildPhase;
			buildActionMask = 2147483647;
			files = (
				842E347D2BD10B6100A0F86C /* ViewController.swift in Sources */,
				842E34792BD10B6100A0F86C /* AppDelegate.swift in Sources */,
				842E34A02BD240F400A0F86C /* CustomPageViewController.swift in Sources */,
				842E349B2BD20F6300A0F86C /* ScrollViewController.swift in Sources */,
				842E347B2BD10B6100A0F86C /* SceneDelegate.swift in Sources */,
				842E34992BD20ECD00A0F86C /* PageViewController.swift in Sources */,
			);
			runOnlyForDeploymentPostprocessing = 0;
		};
/* End PBXSourcesBuildPhase section */

/* Begin PBXVariantGroup section */
		842E347E2BD10B6100A0F86C /* Main.storyboard */ = {
			isa = PBXVariantGroup;
			children = (
				842E347F2BD10B6100A0F86C /* Base */,
			);
			name = Main.storyboard;
			sourceTree = "<group>";
		};
		842E34832BD10B6200A0F86C /* LaunchScreen.storyboard */ = {
			isa = PBXVariantGroup;
			children = (
				842E34842BD10B6200A0F86C /* Base */,
			);
			name = LaunchScreen.storyboard;
			sourceTree = "<group>";
		};
/* End PBXVariantGroup section */

/* Begin XCBuildConfiguration section */
		842E34872BD10B6200A0F86C /* Debug */ = {
			isa = XCBuildConfiguration;
			buildSettings = {
				ALWAYS_SEARCH_USER_PATHS = NO;
				ASSETCATALOG_COMPILER_GENERATE_SWIFT_ASSET_SYMBOL_EXTENSIONS = YES;
				CLANG_ANALYZER_NONNULL = YES;
				CLANG_ANALYZER_NUMBER_OBJECT_CONVERSION = YES_AGGRESSIVE;
				CLANG_CXX_LANGUAGE_STANDARD = "gnu++20";
				CLANG_ENABLE_MODULES = YES;
				CLANG_ENABLE_OBJC_ARC = YES;
				CLANG_ENABLE_OBJC_WEAK = YES;
				CLANG_WARN_BLOCK_CAPTURE_AUTORELEASING = YES;
				CLANG_WARN_BOOL_CONVERSION = YES;
				CLANG_WARN_COMMA = YES;
				CLANG_WARN_CONSTANT_CONVERSION = YES;
				CLANG_WARN_DEPRECATED_OBJC_IMPLEMENTATIONS = YES;
				CLANG_WARN_DIRECT_OBJC_ISA_USAGE = YES_ERROR;
				CLANG_WARN_DOCUMENTATION_COMMENTS = YES;
				CLANG_WARN_EMPTY_BODY = YES;
				CLANG_WARN_ENUM_CONVERSION = YES;
				CLANG_WARN_INFINITE_RECURSION = YES;
				CLANG_WARN_INT_CONVERSION = YES;
				CLANG_WARN_NON_LITERAL_NULL_CONVERSION = YES;
				CLANG_WARN_OBJC_IMPLICIT_RETAIN_SELF = YES;
				CLANG_WARN_OBJC_LITERAL_CONVERSION = YES;
				CLANG_WARN_OBJC_ROOT_CLASS = YES_ERROR;
				CLANG_WARN_QUOTED_INCLUDE_IN_FRAMEWORK_HEADER = YES;
				CLANG_WARN_RANGE_LOOP_ANALYSIS = YES;
				CLANG_WARN_STRICT_PROTOTYPES = YES;
				CLANG_WARN_SUSPICIOUS_MOVE = YES;
				CLANG_WARN_UNGUARDED_AVAILABILITY = YES_AGGRESSIVE;
				CLANG_WARN_UNREACHABLE_CODE = YES;
				CLANG_WARN__DUPLICATE_METHOD_MATCH = YES;
				COPY_PHASE_STRIP = NO;
				DEBUG_INFORMATION_FORMAT = dwarf;
				ENABLE_STRICT_OBJC_MSGSEND = YES;
				ENABLE_TESTABILITY = YES;
				ENABLE_USER_SCRIPT_SANDBOXING = YES;
				GCC_C_LANGUAGE_STANDARD = gnu17;
				GCC_DYNAMIC_NO_PIC = NO;
				GCC_NO_COMMON_BLOCKS = YES;
				GCC_OPTIMIZATION_LEVEL = 0;
				GCC_PREPROCESSOR_DEFINITIONS = (
					"DEBUG=1",
					"$(inherited)",
				);
				GCC_WARN_64_TO_32_BIT_CONVERSION = YES;
				GCC_WARN_ABOUT_RETURN_TYPE = YES_ERROR;
				GCC_WARN_UNDECLARED_SELECTOR = YES;
				GCC_WARN_UNINITIALIZED_AUTOS = YES_AGGRESSIVE;
				GCC_WARN_UNUSED_FUNCTION = YES;
				GCC_WARN_UNUSED_VARIABLE = YES;
				IPHONEOS_DEPLOYMENT_TARGET = 17.4;
				LOCALIZATION_PREFERS_STRING_CATALOGS = YES;
				MTL_ENABLE_DEBUG_INFO = INCLUDE_SOURCE;
				MTL_FAST_MATH = YES;
				ONLY_ACTIVE_ARCH = YES;
				SDKROOT = iphoneos;
				SWIFT_ACTIVE_COMPILATION_CONDITIONS = "DEBUG $(inherited)";
				SWIFT_OPTIMIZATION_LEVEL = "-Onone";
			};
			name = Debug;
		};
		842E34882BD10B6200A0F86C /* Release */ = {
			isa = XCBuildConfiguration;
			buildSettings = {
				ALWAYS_SEARCH_USER_PATHS = NO;
				ASSETCATALOG_COMPILER_GENERATE_SWIFT_ASSET_SYMBOL_EXTENSIONS = YES;
				CLANG_ANALYZER_NONNULL = YES;
				CLANG_ANALYZER_NUMBER_OBJECT_CONVERSION = YES_AGGRESSIVE;
				CLANG_CXX_LANGUAGE_STANDARD = "gnu++20";
				CLANG_ENABLE_MODULES = YES;
				CLANG_ENABLE_OBJC_ARC = YES;
				CLANG_ENABLE_OBJC_WEAK = YES;
				CLANG_WARN_BLOCK_CAPTURE_AUTORELEASING = YES;
				CLANG_WARN_BOOL_CONVERSION = YES;
				CLANG_WARN_COMMA = YES;
				CLANG_WARN_CONSTANT_CONVERSION = YES;
				CLANG_WARN_DEPRECATED_OBJC_IMPLEMENTATIONS = YES;
				CLANG_WARN_DIRECT_OBJC_ISA_USAGE = YES_ERROR;
				CLANG_WARN_DOCUMENTATION_COMMENTS = YES;
				CLANG_WARN_EMPTY_BODY = YES;
				CLANG_WARN_ENUM_CONVERSION = YES;
				CLANG_WARN_INFINITE_RECURSION = YES;
				CLANG_WARN_INT_CONVERSION = YES;
				CLANG_WARN_NON_LITERAL_NULL_CONVERSION = YES;
				CLANG_WARN_OBJC_IMPLICIT_RETAIN_SELF = YES;
				CLANG_WARN_OBJC_LITERAL_CONVERSION = YES;
				CLANG_WARN_OBJC_ROOT_CLASS = YES_ERROR;
				CLANG_WARN_QUOTED_INCLUDE_IN_FRAMEWORK_HEADER = YES;
				CLANG_WARN_RANGE_LOOP_ANALYSIS = YES;
				CLANG_WARN_STRICT_PROTOTYPES = YES;
				CLANG_WARN_SUSPICIOUS_MOVE = YES;
				CLANG_WARN_UNGUARDED_AVAILABILITY = YES_AGGRESSIVE;
				CLANG_WARN_UNREACHABLE_CODE = YES;
				CLANG_WARN__DUPLICATE_METHOD_MATCH = YES;
				COPY_PHASE_STRIP = NO;
				DEBUG_INFORMATION_FORMAT = "dwarf-with-dsym";
				ENABLE_NS_ASSERTIONS = NO;
				ENABLE_STRICT_OBJC_MSGSEND = YES;
				ENABLE_USER_SCRIPT_SANDBOXING = YES;
				GCC_C_LANGUAGE_STANDARD = gnu17;
				GCC_NO_COMMON_BLOCKS = YES;
				GCC_WARN_64_TO_32_BIT_CONVERSION = YES;
				GCC_WARN_ABOUT_RETURN_TYPE = YES_ERROR;
				GCC_WARN_UNDECLARED_SELECTOR = YES;
				GCC_WARN_UNINITIALIZED_AUTOS = YES_AGGRESSIVE;
				GCC_WARN_UNUSED_FUNCTION = YES;
				GCC_WARN_UNUSED_VARIABLE = YES;
				IPHONEOS_DEPLOYMENT_TARGET = 17.4;
				LOCALIZATION_PREFERS_STRING_CATALOGS = YES;
				MTL_ENABLE_DEBUG_INFO = NO;
				MTL_FAST_MATH = YES;
				SDKROOT = iphoneos;
				SWIFT_COMPILATION_MODE = wholemodule;
				VALIDATE_PRODUCT = YES;
			};
			name = Release;
		};
		842E348A2BD10B6200A0F86C /* Debug */ = {
			isa = XCBuildConfiguration;
			buildSettings = {
				ASSETCATALOG_COMPILER_APPICON_NAME = AppIcon;
				ASSETCATALOG_COMPILER_GLOBAL_ACCENT_COLOR_NAME = AccentColor;
				CODE_SIGN_STYLE = Automatic;
				CURRENT_PROJECT_VERSION = 1;
				DEVELOPMENT_TEAM = 4WM659594V;
				GENERATE_INFOPLIST_FILE = YES;
				INFOPLIST_FILE = ScrollDemo/Info.plist;
				INFOPLIST_KEY_UIApplicationSupportsIndirectInputEvents = YES;
				INFOPLIST_KEY_UILaunchStoryboardName = LaunchScreen;
				INFOPLIST_KEY_UIMainStoryboardFile = Main;
				INFOPLIST_KEY_UISupportedInterfaceOrientations_iPad = "UIInterfaceOrientationPortrait UIInterfaceOrientationPortraitUpsideDown UIInterfaceOrientationLandscapeLeft UIInterfaceOrientationLandscapeRight";
				INFOPLIST_KEY_UISupportedInterfaceOrientations_iPhone = "UIInterfaceOrientationPortrait UIInterfaceOrientationLandscapeLeft UIInterfaceOrientationLandscapeRight";
				IPHONEOS_DEPLOYMENT_TARGET = 12.0;
				LD_RUNPATH_SEARCH_PATHS = (
					"$(inherited)",
					"@executable_path/Frameworks",
				);
				MARKETING_VERSION = 1.0;
				PRODUCT_BUNDLE_IDENTIFIER = com.eagersoft.ScrollDemo;
				PRODUCT_NAME = "$(TARGET_NAME)";
				SWIFT_EMIT_LOC_STRINGS = YES;
				SWIFT_VERSION = 5.0;
				TARGETED_DEVICE_FAMILY = "1,2";
			};
			name = Debug;
		};
		842E348B2BD10B6200A0F86C /* Release */ = {
			isa = XCBuildConfiguration;
			buildSettings = {
				ASSETCATALOG_COMPILER_APPICON_NAME = AppIcon;
				ASSETCATALOG_COMPILER_GLOBAL_ACCENT_COLOR_NAME = AccentColor;
				CODE_SIGN_STYLE = Automatic;
				CURRENT_PROJECT_VERSION = 1;
				DEVELOPMENT_TEAM = 4WM659594V;
				GENERATE_INFOPLIST_FILE = YES;
				INFOPLIST_FILE = ScrollDemo/Info.plist;
				INFOPLIST_KEY_UIApplicationSupportsIndirectInputEvents = YES;
				INFOPLIST_KEY_UILaunchStoryboardName = LaunchScreen;
				INFOPLIST_KEY_UIMainStoryboardFile = Main;
				INFOPLIST_KEY_UISupportedInterfaceOrientations_iPad = "UIInterfaceOrientationPortrait UIInterfaceOrientationPortraitUpsideDown UIInterfaceOrientationLandscapeLeft UIInterfaceOrientationLandscapeRight";
				INFOPLIST_KEY_UISupportedInterfaceOrientations_iPhone = "UIInterfaceOrientationPortrait UIInterfaceOrientationLandscapeLeft UIInterfaceOrientationLandscapeRight";
				IPHONEOS_DEPLOYMENT_TARGET = 12.0;
				LD_RUNPATH_SEARCH_PATHS = (
					"$(inherited)",
					"@executable_path/Frameworks",
				);
				MARKETING_VERSION = 1.0;
				PRODUCT_BUNDLE_IDENTIFIER = com.eagersoft.ScrollDemo;
				PRODUCT_NAME = "$(TARGET_NAME)";
				SWIFT_EMIT_LOC_STRINGS = YES;
				SWIFT_VERSION = 5.0;
				TARGETED_DEVICE_FAMILY = "1,2";
			};
			name = Release;
		};
/* End XCBuildConfiguration section */

/* Begin XCConfigurationList section */
		842E34702BD10B6100A0F86C /* Build configuration list for PBXProject "ScrollDemo" */ = {
			isa = XCConfigurationList;
			buildConfigurations = (
				842E34872BD10B6200A0F86C /* Debug */,
				842E34882BD10B6200A0F86C /* Release */,
			);
			defaultConfigurationIsVisible = 0;
			defaultConfigurationName = Release;
		};
		842E34892BD10B6200A0F86C /* Build configuration list for PBXNativeTarget "ScrollDemo" */ = {
			isa = XCConfigurationList;
			buildConfigurations = (
				842E348A2BD10B6200A0F86C /* Debug */,
				842E348B2BD10B6200A0F86C /* Release */,
			);
			defaultConfigurationIsVisible = 0;
			defaultConfigurationName = Release;
		};
/* End XCConfigurationList section */

/* Begin XCLocalSwiftPackageReference section */
		842E34A72BD2669500A0F86C /* XCLocalSwiftPackageReference "UBase" */ = {
			isa = XCLocalSwiftPackageReference;
			relativePath = UBase;
		};
/* End XCLocalSwiftPackageReference section */

/* Begin XCRemoteSwiftPackageReference section */
		842E34952BD11C8F00A0F86C /* XCRemoteSwiftPackageReference "lottie-spm" */ = {
			isa = XCRemoteSwiftPackageReference;
			repositoryURL = "https://github.com/airbnb/lottie-spm.git";
			requirement = {
				kind = exactVersion;
				version = 4.2.0;
			};
		};
		842E349C2BD20FC500A0F86C /* XCRemoteSwiftPackageReference "UWidget" */ = {
			isa = XCRemoteSwiftPackageReference;
			repositoryURL = "http://gitlab.youzy.cn/ios-framework/UWidget.git";
			requirement = {
				kind = exactVersion;
				version = 0.2.7;
			};
		};
		842E34A12BD25B7E00A0F86C /* XCRemoteSwiftPackageReference "LookinServer" */ = {
			isa = XCRemoteSwiftPackageReference;
			repositoryURL = "https://github.com/QMUI/LookinServer/";
			requirement = {
				kind = upToNextMajorVersion;
				minimumVersion = 1.2.8;
			};
		};
/* End XCRemoteSwiftPackageReference section */

/* Begin XCSwiftPackageProductDependency section */
		842E34932BD11C1200A0F86C /* UBase */ = {
			isa = XCSwiftPackageProductDependency;
			productName = UBase;
		};
		842E34962BD11C8F00A0F86C /* Lottie */ = {
			isa = XCSwiftPackageProductDependency;
			package = 842E34952BD11C8F00A0F86C /* XCRemoteSwiftPackageReference "lottie-spm" */;
			productName = Lottie;
		};
		842E349D2BD20FC500A0F86C /* UWidget */ = {
			isa = XCSwiftPackageProductDependency;
			package = 842E349C2BD20FC500A0F86C /* XCRemoteSwiftPackageReference "UWidget" */;
			productName = UWidget;
		};
		842E34A22BD25B7E00A0F86C /* LookinServer */ = {
			isa = XCSwiftPackageProductDependency;
			package = 842E34A12BD25B7E00A0F86C /* XCRemoteSwiftPackageReference "LookinServer" */;
			productName = LookinServer;
		};
		842E34A52BD265C400A0F86C /* UBase */ = {
			isa = XCSwiftPackageProductDependency;
			productName = UBase;
		};
		842E34A82BD2669500A0F86C /* UBase */ = {
			isa = XCSwiftPackageProductDependency;
			productName = UBase;
		};
/* End XCSwiftPackageProductDependency section */
	};
	rootObject = 842E346D2BD10B6100A0F86C /* Project object */;
}
